
Microsoft Visual Studio Solution File, Format Version 11.00
# Visual Studio 2010
Project("{FAE04EC0-301F-11D3-BF4B-00C04F79EFBC}") = "VectorNet.Server.GUI", "VectorNet.Server.GUI\VectorNet.Server.GUI.csproj", "{1CB763FB-86F1-441D-9727-6A029009B825}"
EndProject
Project("{FAE04EC0-301F-11D3-BF4B-00C04F79EFBC}") = "VectorNet.Server", "VectorNet.Server\VectorNet.Server.csproj", "{9A6C21A0-E9A4-4FB7-A6A0-BEEE46600670}"
EndProject
Project("{FAE04EC0-301F-11D3-BF4B-00C04F79EFBC}") = "LynxyLibrary", "LynxyLibrary\LynxyLibrary.csproj", "{6D7E9160-813C-4EA1-8A4B-CD9428CA7BA4}"
EndProject
Global
	GlobalSection(SolutionConfigurationPlatforms) = preSolution
		Debug|Any CPU = Debug|Any CPU
		Debug|Mixed Platforms = Debug|Mixed Platforms
		Debug|x86 = Debug|x86
		Release|Any CPU = Release|Any CPU
		Release|Mixed Platforms = Release|Mixed Platforms
		Release|x86 = Release|x86
	EndGlobalSection
	GlobalSection(ProjectConfigurationPlatforms) = postSolution
		{1CB763FB-86F1-441D-9727-6A029009B825}.Debug|Any CPU.ActiveCfg = Debug|x86
		{1CB763FB-86F1-441D-9727-6A029009B825}.Debug|Mixed Platforms.ActiveCfg = Debug|x86
		{1CB763FB-86F1-441D-9727-6A029009B825}.Debug|Mixed Platforms.Build.0 = Debug|x86
		{1CB763FB-86F1-441D-9727-6A029009B825}.Debug|x86.ActiveCfg = Debug|x86
		{1CB763FB-86F1-441D-9727-6A029009B825}.Debug|x86.Build.0 = Debug|x86
		{1CB763FB-86F1-441D-9727-6A029009B825}.Release|Any CPU.ActiveCfg = Release|x86
		{1CB763FB-86F1-441D-9727-6A029009B825}.Release|Mixed Platforms.ActiveCfg = Release|x86
		{1CB763FB-86F1-441D-9727-6A029009B825}.Release|Mixed Platforms.Build.0 = Release|x86
		{1CB763FB-86F1-441D-9727-6A029009B825}.Release|x86.ActiveCfg = Release|x86
		{1CB763FB-86F1-441D-9727-6A029009B825}.Release|x86.Build.0 = Release|x86
		{9A6C21A0-E9A4-4FB7-A6A0-BEEE46600670}.Debug|Any CPU.ActiveCfg = Debug|Any CPU
		{9A6C21A0-E9A4-4FB7-A6A0-BEEE46600670}.Debug|Any CPU.Build.0 = Debug|Any CPU
		{9A6C21A0-E9A4-4FB7-A6A0-BEEE46600670}.Debug|Mixed Platforms.ActiveCfg = Debug|Any CPU
		{9A6C21A0-E9A4-4FB7-A6A0-BEEE46600670}.Debug|Mixed Platforms.Build.0 = Debug|Any CPU
		{9A6C21A0-E9A4-4FB7-A6A0-BEEE46600670}.Debug|x86.ActiveCfg = Debug|Any CPU
		{9A6C21A0-E9A4-4FB7-A6A0-BEEE46600670}.Debug|x86.Build.0 = Debug|Any CPU
		{9A6C21A0-E9A4-4FB7-A6A0-BEEE46600670}.Release|Any CPU.ActiveCfg = Release|Any CPU
		{9A6C21A0-E9A4-4FB7-A6A0-BEEE46600670}.Release|Any CPU.Build.0 = Release|Any CPU
		{9A6C21A0-E9A4-4FB7-A6A0-BEEE46600670}.Release|Mixed Platforms.ActiveCfg = Release|Any CPU
		{9A6C21A0-E9A4-4FB7-A6A0-BEEE46600670}.Release|Mixed Platforms.Build.0 = Release|Any CPU
		{9A6C21A0-E9A4-4FB7-A6A0-BEEE46600670}.Release|x86.ActiveCfg = Release|Any CPU
		{9A6C21A0-E9A4-4FB7-A6A0-BEEE46600670}.Release|x86.Build.0 = Release|Any CPU
		{6D7E9160-813C-4EA1-8A4B-CD9428CA7BA4}.Debug|Any CPU.ActiveCfg = Debug|Any CPU
		{6D7E9160-813C-4EA1-8A4B-CD9428CA7BA4}.Debug|Any CPU.Build.0 = Debug|Any CPU
		{6D7E9160-813C-4EA1-8A4B-CD9428CA7BA4}.Debug|Mixed Platforms.ActiveCfg = Debug|Any CPU
		{6D7E9160-813C-4EA1-8A4B-CD9428CA7BA4}.Debug|Mixed Platforms.Build.0 = Debug|Any CPU
		{6D7E9160-813C-4EA1-8A4B-CD9428CA7BA4}.Debug|x86.ActiveCfg = Debug|Any CPU
		{6D7E9160-813C-4EA1-8A4B-CD9428CA7BA4}.Debug|x86.Build.0 = Debug|Any CPU
		{6D7E9160-813C-4EA1-8A4B-CD9428CA7BA4}.Release|Any CPU.ActiveCfg = Release|Any CPU
		{6D7E9160-813C-4EA1-8A4B-CD9428CA7BA4}.Release|Any CPU.Build.0 = Release|Any CPU
		{6D7E9160-813C-4EA1-8A4B-CD9428CA7BA4}.Release|Mixed Platforms.ActiveCfg = Release|Any CPU
		{6D7E9160-813C-4EA1-8A4B-CD9428CA7BA4}.Release|Mixed Platforms.Build.0 = Release|Any CPU
		{6D7E9160-813C-4EA1-8A4B-CD9428CA7BA4}.Release|x86.ActiveCfg = Release|Any CPU
		{6D7E9160-813C-4EA1-8A4B-CD9428CA7BA4}.Release|x86.Build.0 = Release|Any CPU
	EndGlobalSection
	GlobalSection(SolutionProperties) = preSolution
		HideSolutionNode = FALSE
	EndGlobalSection
EndGlobal
